// !$*UTF8*$!
{
	archiveVersion = 1;
	classes = {
	};
	objectVersion = 46;
	objects = {

/* Begin PBXBuildFile section */
		088A34EB1CF72398009B5B1F /* AppDelegate.swift in Sources */ = {isa = PBXBuildFile; fileRef = 088A34EA1CF72398009B5B1F /* AppDelegate.swift */; };
		088A34ED1CF72398009B5B1F /* ViewController.swift in Sources */ = {isa = PBXBuildFile; fileRef = 088A34EC1CF72398009B5B1F /* ViewController.swift */; };
		088A34F01CF72398009B5B1F /* Main.storyboard in Resources */ = {isa = PBXBuildFile; fileRef = 088A34EE1CF72398009B5B1F /* Main.storyboard */; };
		088A34F21CF72398009B5B1F /* Assets.xcassets in Resources */ = {isa = PBXBuildFile; fileRef = 088A34F11CF72398009B5B1F /* Assets.xcassets */; };
		088A34F51CF72398009B5B1F /* LaunchScreen.storyboard in Resources */ = {isa = PBXBuildFile; fileRef = 088A34F31CF72398009B5B1F /* LaunchScreen.storyboard */; };
		088A34FF1CF72673009B5B1F /* HeaderCell.swift in Sources */ = {isa = PBXBuildFile; fileRef = 088A34FE1CF72673009B5B1F /* HeaderCell.swift */; };
		088A35011CF726DA009B5B1F /* ContentCell.swift in Sources */ = {isa = PBXBuildFile; fileRef = 088A35001CF726DA009B5B1F /* ContentCell.swift */; };
/* End PBXBuildFile section */

/* Begin PBXFileReference section */
		088A34E71CF72398009B5B1F /* DialogViewer.app */ = {isa = PBXFileReference; explicitFileType = wrapper.application; includeInIndex = 0; path = DialogViewer.app; sourceTree = BUILT_PRODUCTS_DIR; };
		088A34EA1CF72398009B5B1F /* AppDelegate.swift */ = {isa = PBXFileReference; lastKnownFileType = sourcecode.swift; path = AppDelegate.swift; sourceTree = "<group>"; };
		088A34EC1CF72398009B5B1F /* ViewController.swift */ = {isa = PBXFileReference; lastKnownFileType = sourcecode.swift; path = ViewController.swift; sourceTree = "<group>"; };
		088A34EF1CF72398009B5B1F /* Base */ = {isa = PBXFileReference; lastKnownFileType = file.storyboard; name = Base; path = Base.lproj/Main.storyboard; sourceTree = "<group>"; };
		088A34F11CF72398009B5B1F /* Assets.xcassets */ = {isa = PBXFileReference; lastKnownFileType = folder.assetcatalog; path = Assets.xcassets; sourceTree = "<group>"; };
		088A34F41CF72398009B5B1F /* Base */ = {isa = PBXFileReference; lastKnownFileType = file.storyboard; name = Base; path = Base.lproj/LaunchScreen.storyboard; sourceTree = "<group>"; };
		088A34F61CF72398009B5B1F /* Info.plist */ = {isa = PBXFileReference; lastKnownFileType = text.plist.xml; path = Info.plist; sourceTree = "<group>"; };
		088A34FE1CF72673009B5B1F /* HeaderCell.swift */ = {isa = PBXFileReference; fileEncoding = 4; lastKnownFileType = sourcecode.swift; path = HeaderCell.swift; sourceTree = "<group>"; };
		088A35001CF726DA009B5B1F /* ContentCell.swift */ = {isa = PBXFileReference; fileEncoding = 4; lastKnownFileType = sourcecode.swift; path = ContentCell.swift; sourceTree = "<group>"; };
/* End PBXFileReference section */

/* Begin PBXFrameworksBuildPhase section */
		088A34E41CF72398009B5B1F /* Frameworks */ = {
			isa = PBXFrameworksBuildPhase;
			buildActionMask = 2147483647;
			files = (
			);
			runOnlyForDeploymentPostprocessing = 0;
		};
/* End PBXFrameworksBuildPhase section */

/* Begin PBXGroup section */
		088A34DE1CF72398009B5B1F = {
			isa = PBXGroup;
			children = (
				088A34E91CF72398009B5B1F /* DialogViewer */,
				088A34E81CF72398009B5B1F /* Products */,
			);
			sourceTree = "<group>";
		};
		088A34E81CF72398009B5B1F /* Products */ = {
			isa = PBXGroup;
			children = (
				088A34E71CF72398009B5B1F /* DialogViewer.app */,
			);
			name = Products;
			sourceTree = "<group>";
		};
		088A34E91CF72398009B5B1F /* DialogViewer */ = {
			isa = PBXGroup;
			children = (
				088A34EA1CF72398009B5B1F /* AppDelegate.swift */,
				088A34EC1CF72398009B5B1F /* ViewController.swift */,
				088A34EE1CF72398009B5B1F /* Main.storyboard */,
				088A34F11CF72398009B5B1F /* Assets.xcassets */,
				088A34F31CF72398009B5B1F /* LaunchScreen.storyboard */,
				088A34F61CF72398009B5B1F /* Info.plist */,
				088A34FE1CF72673009B5B1F /* HeaderCell.swift */,
				088A35001CF726DA009B5B1F /* ContentCell.swift */,
			);
			path = DialogViewer;
			sourceTree = "<group>";
		};
/* End PBXGroup section */

/* Begin PBXNativeTarget section */
		088A34E61CF72398009B5B1F /* DialogViewer */ = {
			isa = PBXNativeTarget;
			buildConfigurationList = 088A34F91CF72398009B5B1F /* Build configuration list for PBXNativeTarget "DialogViewer" */;
			buildPhases = (
				088A34E31CF72398009B5B1F /* Sources */,
				088A34E41CF72398009B5B1F /* Frameworks */,
				088A34E51CF72398009B5B1F /* Resources */,
			);
			buildRules = (
			);
			dependencies = (
			);
			name = DialogViewer;
			productName = DialogViewer;
			productReference = 088A34E71CF72398009B5B1F /* DialogViewer.app */;
			productType = "com.apple.product-type.application";
		};
/* End PBXNativeTarget section */

/* Begin PBXProject section */
		088A34DF1CF72398009B5B1F /* Project object */ = {
			isa = PBXProject;
			attributes = {
				LastSwiftUpdateCheck = 0730;
				LastUpgradeCheck = 0730;
				ORGANIZATIONNAME = "Talentica Software";
				TargetAttributes = {
					088A34E61CF72398009B5B1F = {
						CreatedOnToolsVersion = 7.3.1;
					};
				};
			};
			buildConfigurationList = 088A34E21CF72398009B5B1F /* Build configuration list for PBXProject "DialogViewer" */;
			compatibilityVersion = "Xcode 3.2";
			developmentRegion = English;
			hasScannedForEncodings = 0;
			knownRegions = (
				en,
				Base,
			);
			mainGroup = 088A34DE1CF72398009B5B1F;
			productRefGroup = 088A34E81CF72398009B5B1F /* Products */;
			projectDirPath = "";
			projectRoot = "";
			targets = (
				088A34E61CF72398009B5B1F /* DialogViewer */,
			);
		};
/* End PBXProject section */

/* Begin PBXResourcesBuildPhase section */
		088A34E51CF72398009B5B1F /* Resources */ = {
			isa = PBXResourcesBuildPhase;
			buildActionMask = 2147483647;
			files = (
				088A34F51CF72398009B5B1F /* LaunchScreen.storyboard in Resources */,
				088A34F21CF72398009B5B1F /* Assets.xcassets in Resources */,
				088A34F01CF72398009B5B1F /* Main.storyboard in Resources */,
			);
			runOnlyForDeploymentPostprocessing = 0;
		};
/* End PBXResourcesBuildPhase section */

/* Begin PBXSourcesBuildPhase section */
		088A34E31CF72398009B5B1F /* Sources */ = {
			isa = PBXSourcesBuildPhase;
			buildActionMask = 2147483647;
			files = (
				088A34FF1CF72673009B5B1F /* HeaderCell.swift in Sources */,
				088A35011CF726DA009B5B1F /* ContentCell.swift in Sources */,
				088A34ED1CF72398009B5B1F /* ViewController.swift in Sources */,
				088A34EB1CF72398009B5B1F /* AppDelegate.swift in Sources */,
			);
			runOnlyForDeploymentPostprocessing = 0;
		};
/* End PBXSourcesBuildPhase section */

/* Begin PBXVariantGroup section */
		088A34EE1CF72398009B5B1F /* Main.storyboard */ = {
			isa = PBXVariantGroup;
			children = (
				088A34EF1CF72398009B5B1F /* Base */,
			);
			name = Main.storyboard;
			sourceTree = "<group>";
		};
		088A34F31CF72398009B5B1F /* LaunchScreen.storyboard */ = {
			isa = PBXVariantGroup;
			children = (
				088A34F41CF72398009B5B1F /* Base */,
			);
			name = LaunchScreen.storyboard;
			sourceTree = "<group>";
		};
/* End PBXVariantGroup section */

/* Begin XCBuildConfiguration section */
		088A34F71CF72398009B5B1F /* Debug */ = {
			isa = XCBuildConfiguration;
			buildSettings = {
				ALWAYS_SEARCH_USER_PATHS = NO;
				CLANG_ANALYZER_NONNULL = YES;
				CLANG_CXX_LANGUAGE_STANDARD = "gnu++0x";
				CLANG_CXX_LIBRARY = "libc++";
				CLANG_ENABLE_MODULES = YES;
				CLANG_ENABLE_OBJC_ARC = YES;
				CLANG_WARN_BOOL_CONVERSION = YES;
				CLANG_WARN_CONSTANT_CONVERSION = YES;
				CLANG_WARN_DIRECT_OBJC_ISA_USAGE = YES_ERROR;
				CLANG_WARN_EMPTY_BODY = YES;
				CLANG_WARN_ENUM_CONVERSION = YES;
				CLANG_WARN_INT_CONVERSION = YES;
				CLANG_WARN_OBJC_ROOT_CLASS = YES_ERROR;
				CLANG_WARN_UNREACHABLE_CODE = YES;
				CLANG_WARN__DUPLICATE_METHOD_MATCH = YES;
				"CODE_SIGN_IDENTITY[sdk=iphoneos*]" = "iPhone Developer";
				COPY_PHASE_STRIP = NO;
				DEBUG_INFORMATION_FORMAT = dwarf;
				ENABLE_STRICT_OBJC_MSGSEND = YES;
				ENABLE_TESTABILITY = YES;
				GCC_C_LANGUAGE_STANDARD = gnu99;
				GCC_DYNAMIC_NO_PIC = NO;
				GCC_NO_COMMON_BLOCKS = YES;
				GCC_OPTIMIZATION_LEVEL = 0;
				GCC_PREPROCESSOR_DEFINITIONS = (
					"DEBUG=1",
					"$(inherited)",
				);
				GCC_WARN_64_TO_32_BIT_CONVERSION = YES;
				GCC_WARN_ABOUT_RETURN_TYPE = YES_ERROR;
				GCC_WARN_UNDECLARED_SELECTOR = YES;
				GCC_WARN_UNINITIALIZED_AUTOS = YES_AGGRESSIVE;
				GCC_WARN_UNUSED_FUNCTION = YES;
				GCC_WARN_UNUSED_VARIABLE = YES;
				IPHONEOS_DEPLOYMENT_TARGET = 9.3;
				MTL_ENABLE_DEBUG_INFO = YES;
				ONLY_ACTIVE_ARCH = YES;
				SDKROOT = iphoneos;
				SWIFT_OPTIMIZATION_LEVEL = "-Onone";
				TARGETED_DEVICE_FAMILY = "1,2";
			};
			name = Debug;
		};
		088A34F81CF72398009B5B1F /* Release */ = {
			isa = XCBuildConfiguration;
			buildSettings = {
				ALWAYS_SEARCH_USER_PATHS = NO;
				CLANG_ANALYZER_NONNULL = YES;
				CLANG_CXX_LANGUAGE_STANDARD = "gnu++0x";
				CLANG_CXX_LIBRARY = "libc++";
				CLANG_ENABLE_MODULES = YES;
				CLANG_ENABLE_OBJC_ARC = YES;
				CLANG_WARN_BOOL_CONVERSION = YES;
				CLANG_WARN_CONSTANT_CONVERSION = YES;
				CLANG_WARN_DIRECT_OBJC_ISA_USAGE = YES_ERROR;
				CLANG_WARN_EMPTY_BODY = YES;
				CLANG_WARN_ENUM_CONVERSION = YES;
				CLANG_WARN_INT_CONVERSION = YES;
				CLANG_WARN_OBJC_ROOT_CLASS = YES_ERROR;
				CLANG_WARN_UNREACHABLE_CODE = YES;
				CLANG_WARN__DUPLICATE_METHOD_MATCH = YES;
				"CODE_SIGN_IDENTITY[sdk=iphoneos*]" = "iPhone Developer";
				COPY_PHASE_STRIP = NO;
				DEBUG_INFORMATION_FORMAT = "dwarf-with-dsym";
				ENABLE_NS_ASSERTIONS = NO;
				ENABLE_STRICT_OBJC_MSGSEND = YES;
				GCC_C_LANGUAGE_STANDARD = gnu99;
				GCC_NO_COMMON_BLOCKS = YES;
				GCC_WARN_64_TO_32_BIT_CONVERSION = YES;
				GCC_WARN_ABOUT_RETURN_TYPE = YES_ERROR;
				GCC_WARN_UNDECLARED_SELECTOR = YES;
				GCC_WARN_UNINITIALIZED_AUTOS = YES_AGGRESSIVE;
				GCC_WARN_UNUSED_FUNCTION = YES;
				GCC_WARN_UNUSED_VARIABLE = YES;
				IPHONEOS_DEPLOYMENT_TARGET = 9.3;
				MTL_ENABLE_DEBUG_INFO = NO;
				SDKROOT = iphoneos;
				TARGETED_DEVICE_FAMILY = "1,2";
				VALIDATE_PRODUCT = YES;
			};
			name = Release;
		};
		088A34FA1CF72398009B5B1F /* Debug */ = {
			isa = XCBuildConfiguration;
			buildSettings = {
				ASSETCATALOG_COMPILER_APPICON_NAME = AppIcon;
				INFOPLIST_FILE = DialogViewer/Info.plist;
				LD_RUNPATH_SEARCH_PATHS = "$(inherited) @executable_path/Frameworks";
				PRODUCT_BUNDLE_IDENTIFIER = com.talentica.vaibhavr.DialogViewer;
				PRODUCT_NAME = "$(TARGET_NAME)";
			};
			name = Debug;
		};
		088A34FB1CF72398009B5B1F /* Release */ = {
			isa = XCBuildConfiguration;
			buildSettings = {
				ASSETCATALOG_COMPILER_APPICON_NAME = AppIcon;
				INFOPLIST_FILE = DialogViewer/Info.plist;
				LD_RUNPATH_SEARCH_PATHS = "$(inherited) @executable_path/Frameworks";
				PRODUCT_BUNDLE_IDENTIFIER = com.talentica.vaibhavr.DialogViewer;
				PRODUCT_NAME = "$(TARGET_NAME)";
			};
			name = Release;
		};
/* End XCBuildConfiguration section */

/* Begin XCConfigurationList section */
		088A34E21CF72398009B5B1F /* Build configuration list for PBXProject "DialogViewer" */ = {
			isa = XCConfigurationList;
			buildConfigurations = (
				088A34F71CF72398009B5B1F /* Debug */,
				088A34F81CF72398009B5B1F /* Release */,
			);
			defaultConfigurationIsVisible = 0;
			defaultConfigurationName = Release;
		};
		088A34F91CF72398009B5B1F /* Build configuration list for PBXNativeTarget "DialogViewer" */ = {
			isa = XCConfigurationList;
			buildConfigurations = (
				088A34FA1CF72398009B5B1F /* Debug */,
				088A34FB1CF72398009B5B1F /* Release */,
			);
			defaultConfigurationIsVisible = 0;
		};
/* End XCConfigurationList section */
	};
	rootObject = 088A34DF1CF72398009B5B1F /* Project object */;
}
